
Microsoft Visual Studio Solution File, Format Version 12.00
# Visual Studio Version 17
VisualStudioVersion = 17.10.34928.147
MinimumVisualStudioVersion = 10.0.40219.1
Project("{FAE04EC0-301F-11D3-BF4B-00C04F79EFBC}") = "LeadProviderDash.Server", "LeadProviderDash.Server\LeadProviderDash.Server.csproj", "{D56B27F0-3DD6-47EA-AE7E-283C79D8A4DD}"
EndProject
Project("{54A90642-561A-4BB1-A94E-469ADEE60C69}") = "leadproviderdash.client", "leadproviderdash.client\leadproviderdash.client.esproj", "{111DAA47-69C5-41F5-A92F-A4CA0555B913}"
EndProject
Global
	GlobalSection(SolutionConfigurationPlatforms) = preSolution
		Debug|Any CPU = Debug|Any CPU
		Release|Any CPU = Release|Any CPU
	EndGlobalSection
	GlobalSection(ProjectConfigurationPlatforms) = postSolution
		{D56B27F0-3DD6-47EA-AE7E-283C79D8A4DD}.Debug|Any CPU.ActiveCfg = Debug|Any CPU
		{D56B27F0-3DD6-47EA-AE7E-283C79D8A4DD}.Debug|Any CPU.Build.0 = Debug|Any CPU
		{D56B27F0-3DD6-47EA-AE7E-283C79D8A4DD}.Release|Any CPU.ActiveCfg = Release|Any CPU
		{D56B27F0-3DD6-47EA-AE7E-283C79D8A4DD}.Release|Any CPU.Build.0 = Release|Any CPU
		{111DAA47-69C5-41F5-A92F-A4CA0555B913}.Debug|Any CPU.ActiveCfg = Debug|Any CPU
		{111DAA47-69C5-41F5-A92F-A4CA0555B913}.Debug|Any CPU.Build.0 = Debug|Any CPU
		{111DAA47-69C5-41F5-A92F-A4CA0555B913}.Debug|Any CPU.Deploy.0 = Debug|Any CPU
		{111DAA47-69C5-41F5-A92F-A4CA0555B913}.Release|Any CPU.ActiveCfg = Release|Any CPU
		{111DAA47-69C5-41F5-A92F-A4CA0555B913}.Release|Any CPU.Build.0 = Release|Any CPU
		{111DAA47-69C5-41F5-A92F-A4CA0555B913}.Release|Any CPU.Deploy.0 = Release|Any CPU
	EndGlobalSection
	GlobalSection(SolutionProperties) = preSolution
		HideSolutionNode = FALSE
	EndGlobalSection
	GlobalSection(ExtensibilityGlobals) = postSolution
		SolutionGuid = {34BBB808-088A-434A-B25D-42C1F1599EA4}
	EndGlobalSection
EndGlobal
